
Microsoft Visual Studio Solution File, Format Version 10.00
# Visual C++ Express 2008
Project("{8BC9CEB8-8B4A-11D0-8D11-00A0C91BC942}") = "sioux", "sioux\sioux.vcproj", "{D405E7EA-C650-46B9-924C-745E756B4AED}"
	ProjectSection(ProjectDependencies) = postProject
		{8DADFF69-4582-4928-8351-6EE069EEDB01} = {8DADFF69-4582-4928-8351-6EE069EEDB01}
	EndProjectSection
EndProject
Project("{8BC9CEB8-8B4A-11D0-8D11-00A0C91BC942}") = "tools", "tools\tools.vcproj", "{AD6A7E44-BE76-437B-8C1C-3977A0C181A2}"
EndProject
Project("{8BC9CEB8-8B4A-11D0-8D11-00A0C91BC942}") = "tools_test", "tools\tools_test.vcproj", "{A5A7AB7F-C4F3-4398-AB13-F633D826A2BF}"
	ProjectSection(ProjectDependencies) = postProject
		{FDF4BF39-E013-4F44-99AF-ADA86A58E13D} = {FDF4BF39-E013-4F44-99AF-ADA86A58E13D}
		{AD6A7E44-BE76-437B-8C1C-3977A0C181A2} = {AD6A7E44-BE76-437B-8C1C-3977A0C181A2}
	EndProjectSection
EndProject
Project("{8BC9CEB8-8B4A-11D0-8D11-00A0C91BC942}") = "unittest++", "unittest++\unittest++.vcproj", "{FDF4BF39-E013-4F44-99AF-ADA86A58E13D}"
EndProject
Project("{8BC9CEB8-8B4A-11D0-8D11-00A0C91BC942}") = "http", "http\http.vcproj", "{8F834854-8287-498B-939C-B66BB10EBE33}"
EndProject
Project("{8BC9CEB8-8B4A-11D0-8D11-00A0C91BC942}") = "test_client", "test_client\test_client.vcproj", "{BE78B1C2-EDF4-4F00-BF74-2080BAE56484}"
EndProject
Project("{8BC9CEB8-8B4A-11D0-8D11-00A0C91BC942}") = "server", "server\server.vcproj", "{8DADFF69-4582-4928-8351-6EE069EEDB01}"
	ProjectSection(ProjectDependencies) = postProject
		{AD6A7E44-BE76-437B-8C1C-3977A0C181A2} = {AD6A7E44-BE76-437B-8C1C-3977A0C181A2}
		{8F834854-8287-498B-939C-B66BB10EBE33} = {8F834854-8287-498B-939C-B66BB10EBE33}
	EndProjectSection
EndProject
Project("{8BC9CEB8-8B4A-11D0-8D11-00A0C91BC942}") = "server_test", "server\server_test.vcproj", "{298E4FA8-262D-461F-AC2A-05FDCE2D6BC0}"
	ProjectSection(ProjectDependencies) = postProject
		{FDF4BF39-E013-4F44-99AF-ADA86A58E13D} = {FDF4BF39-E013-4F44-99AF-ADA86A58E13D}
		{8DADFF69-4582-4928-8351-6EE069EEDB01} = {8DADFF69-4582-4928-8351-6EE069EEDB01}
	EndProjectSection
EndProject
Global
	GlobalSection(SolutionConfigurationPlatforms) = preSolution
		Debug|Win32 = Debug|Win32
		Release|Win32 = Release|Win32
	EndGlobalSection
	GlobalSection(ProjectConfigurationPlatforms) = postSolution
		{D405E7EA-C650-46B9-924C-745E756B4AED}.Debug|Win32.ActiveCfg = Debug|Win32
		{D405E7EA-C650-46B9-924C-745E756B4AED}.Debug|Win32.Build.0 = Debug|Win32
		{D405E7EA-C650-46B9-924C-745E756B4AED}.Release|Win32.ActiveCfg = Release|Win32
		{D405E7EA-C650-46B9-924C-745E756B4AED}.Release|Win32.Build.0 = Release|Win32
		{AD6A7E44-BE76-437B-8C1C-3977A0C181A2}.Debug|Win32.ActiveCfg = Debug|Win32
		{AD6A7E44-BE76-437B-8C1C-3977A0C181A2}.Debug|Win32.Build.0 = Debug|Win32
		{AD6A7E44-BE76-437B-8C1C-3977A0C181A2}.Release|Win32.ActiveCfg = Release|Win32
		{AD6A7E44-BE76-437B-8C1C-3977A0C181A2}.Release|Win32.Build.0 = Release|Win32
		{A5A7AB7F-C4F3-4398-AB13-F633D826A2BF}.Debug|Win32.ActiveCfg = Debug|Win32
		{A5A7AB7F-C4F3-4398-AB13-F633D826A2BF}.Debug|Win32.Build.0 = Debug|Win32
		{A5A7AB7F-C4F3-4398-AB13-F633D826A2BF}.Release|Win32.ActiveCfg = Release|Win32
		{A5A7AB7F-C4F3-4398-AB13-F633D826A2BF}.Release|Win32.Build.0 = Release|Win32
		{FDF4BF39-E013-4F44-99AF-ADA86A58E13D}.Debug|Win32.ActiveCfg = Debug|Win32
		{FDF4BF39-E013-4F44-99AF-ADA86A58E13D}.Debug|Win32.Build.0 = Debug|Win32
		{FDF4BF39-E013-4F44-99AF-ADA86A58E13D}.Release|Win32.ActiveCfg = Release|Win32
		{FDF4BF39-E013-4F44-99AF-ADA86A58E13D}.Release|Win32.Build.0 = Release|Win32
		{8F834854-8287-498B-939C-B66BB10EBE33}.Debug|Win32.ActiveCfg = Debug|Win32
		{8F834854-8287-498B-939C-B66BB10EBE33}.Debug|Win32.Build.0 = Debug|Win32
		{8F834854-8287-498B-939C-B66BB10EBE33}.Release|Win32.ActiveCfg = Release|Win32
		{8F834854-8287-498B-939C-B66BB10EBE33}.Release|Win32.Build.0 = Release|Win32
		{BE78B1C2-EDF4-4F00-BF74-2080BAE56484}.Debug|Win32.ActiveCfg = Debug|Win32
		{BE78B1C2-EDF4-4F00-BF74-2080BAE56484}.Debug|Win32.Build.0 = Debug|Win32
		{BE78B1C2-EDF4-4F00-BF74-2080BAE56484}.Release|Win32.ActiveCfg = Release|Win32
		{BE78B1C2-EDF4-4F00-BF74-2080BAE56484}.Release|Win32.Build.0 = Release|Win32
		{8DADFF69-4582-4928-8351-6EE069EEDB01}.Debug|Win32.ActiveCfg = Debug|Win32
		{8DADFF69-4582-4928-8351-6EE069EEDB01}.Debug|Win32.Build.0 = Debug|Win32
		{8DADFF69-4582-4928-8351-6EE069EEDB01}.Release|Win32.ActiveCfg = Release|Win32
		{8DADFF69-4582-4928-8351-6EE069EEDB01}.Release|Win32.Build.0 = Release|Win32
		{298E4FA8-262D-461F-AC2A-05FDCE2D6BC0}.Debug|Win32.ActiveCfg = Debug|Win32
		{298E4FA8-262D-461F-AC2A-05FDCE2D6BC0}.Debug|Win32.Build.0 = Debug|Win32
		{298E4FA8-262D-461F-AC2A-05FDCE2D6BC0}.Release|Win32.ActiveCfg = Release|Win32
		{298E4FA8-262D-461F-AC2A-05FDCE2D6BC0}.Release|Win32.Build.0 = Release|Win32
	EndGlobalSection
	GlobalSection(SolutionProperties) = preSolution
		HideSolutionNode = FALSE
	EndGlobalSection
EndGlobal
